{
  "name": "eper-ops-463-500",
  "version": "0.1.0-precode",
  "lockfileVersion": 3,
  "requires": true,
  "packages": {
    "": {
      "name": "eper-ops-463-500",
      "version": "0.1.0-precode",
      "devDependencies": {
        "typescript": "5.6.3",
        "@types/node": "20.14.15"
      }
    },
    "node_modules/typescript": {
      "version": "5.6.3",
      "resolved": "https://registry.npmjs.org/typescript/-/typescript-5.6.3.tgz",
      "dev": true,
      "bin": {
        "tsc": "bin/tsc",
        "tsserver": "bin/tsserver"
      },
      "engines": {
        "node": ">=14.17"
      }
    },
    "node_modules/@types/node": {
      "version": "20.14.15",
      "resolved": "https://registry.npmjs.org/@types/node/-/node-20.14.15.tgz",
      "dev": true,
      "dependencies": {
        "undici-types": "~5.26.5"
      }
    },
    "node_modules/undici-types": {
      "version": "5.26.5",
      "resolved": "https://registry.npmjs.org/undici-types/-/undici-types-5.26.5.tgz",
      "dev": true
    }
  }
}
