{
  "name": "eper-ops-463-500",
  "version": "0.1.0-precode",
  "lockfileVersion": 3,
  "requires": true,
  "packages": {
    "": {
      "name": "eper-ops-463-500",
      "version": "0.1.0-precode",
      "devDependencies": {
        "typescript": "5.6.3"
      }
    },
    "node_modules/typescript": {
      "version": "5.6.3",
      "resolved": "https://registry.npmjs.org/typescript/-/typescript-5.6.3.tgz",
      "integrity": "sha512-H3IqqU3D0q4s2q4e3uXnV2lVfQ0v9lJ7rJ4rH7y6V5jQ8tV9nX5G9JxZ6lQY8rW3q7K5wM2xR8fY7gG1hQ==",
      "dev": true,
      "bin": {
        "tsc": "bin/tsc",
        "tsserver": "bin/tsserver"
      },
      "engines": {
        "node": ">=14.17"
      }
    }
  }
}